<?xml version="1.0" encoding="utf-8"?>
<Project ToolsVersion="4.0" xmlns="http://schemas.microsoft.com/developer/msbuild/2003">
  <ItemGroup>
    <Filter Include="Source">
      <UniqueIdentifier>{2074d49f-ed9f-41c8-b6c0-d623d7de721f}</UniqueIdentifier>
    </Filter>
    <Filter Include="Source\ImageViewer">
      <UniqueIdentifier>{b60e2e21-98f1-4c8f-8ff5-373f220dad0c}</UniqueIdentifier>
    </Filter>
    <Filter Include="Assets">
      <UniqueIdentifier>{a3b5e30f-0d51-44fe-9db9-c6d200ac5db9}</UniqueIdentifier>
    </Filter>
    <Filter Include="Source\HMRayTracer">
      <UniqueIdentifier>{c8ac98e5-94f4-4295-9f30-f277c56b977d}</UniqueIdentifier>
    </Filter>
    <Filter Include="Source\Image">
      <UniqueIdentifier>{cf812236-3ff2-4399-a4e3-ab9174c34a5c}</UniqueIdentifier>
    </Filter>
    <Filter Include="Source\Utils">
      <UniqueIdentifier>{090691d5-26a6-4d06-8156-3853f246bc53}</UniqueIdentifier>
    </Filter>
    <Filter Include="Source\3DScene">
      <UniqueIdentifier>{8be7adfc-846d-4959-8551-001e579c996e}</UniqueIdentifier>
    </Filter>
    <Filter Include="Assets\Shaders">
      <UniqueIdentifier>{7b888e87-ba36-41a1-a410-aa4e25b56a3a}</UniqueIdentifier>
    </Filter>
  </ItemGroup>
  <ItemGroup>
    <ClInclude Include="RayTracer.h">
      <Filter>Source</Filter>
    </ClInclude>
    <ClInclude Include="Resource.h">
      <Filter>Source</Filter>
    </ClInclude>
    <ClInclude Include="stdafx.h">
      <Filter>Source</Filter>
    </ClInclude>
    <ClInclude Include="targetver.h">
      <Filter>Source</Filter>
    </ClInclude>
    <ClInclude Include="D3D12Viewer.h">
      <Filter>Source\ImageViewer</Filter>
    </ClInclude>
    <ClInclude Include="d3dx12.h">
      <Filter>Source\ImageViewer</Filter>
    </ClInclude>
    <ClInclude Include="InputListener.h">
      <Filter>Source\ImageViewer</Filter>
    </ClInclude>
    <ClInclude Include="Ray.h">
      <Filter>Source\HMRayTracer</Filter>
    </ClInclude>
    <ClInclude Include="HomemadeRayTracer.h">
      <Filter>Source\HMRayTracer</Filter>
    </ClInclude>
    <ClInclude Include="OutputImage.h">
      <Filter>Source\Image</Filter>
    </ClInclude>
    <ClInclude Include="PPMImageMaker.h">
      <Filter>Source\Image</Filter>
    </ClInclude>
    <ClInclude Include="Vec3.h">
      <Filter>Source\Utils</Filter>
    </ClInclude>
    <ClInclude Include="Hitables.h">
      <Filter>Source\HMRayTracer</Filter>
    </ClInclude>
    <ClInclude Include="SimpleCamera.h">
      <Filter>Source\3DScene</Filter>
    </ClInclude>
    <ClInclude Include="Randomizer.h">
      <Filter>Source\Utils</Filter>
    </ClInclude>
    <ClInclude Include="Optics.h">
      <Filter>Source\HMRayTracer</Filter>
    </ClInclude>
    <ClInclude Include="World.h">
      <Filter>Source\3DScene</Filter>
    </ClInclude>
    <ClInclude Include="StepTimer.h">
      <Filter>Source\Utils</Filter>
    </ClInclude>
    <ClInclude Include="SimpeMeshBuilder.h">
      <Filter>Source\Utils</Filter>
    </ClInclude>
    <ClInclude Include="SimpleMesh.h">
      <Filter>Source\3DScene</Filter>
    </ClInclude>
    <ClInclude Include="SimpleObject.h">
      <Filter>Source\3DScene</Filter>
    </ClInclude>
    <ClInclude Include="D3D12Helper.h">
      <Filter>Source\Utils</Filter>
    </ClInclude>
    <ClInclude Include="SimpleMotion.h">
      <Filter>Source\3DScene</Filter>
    </ClInclude>
    <ClInclude Include="AABB.h">
      <Filter>Source\3DScene</Filter>
    </ClInclude>
    <ClInclude Include="SimpleTexture2D.h">
      <Filter>Source\3DScene</Filter>
    </ClInclude>
    <ClInclude Include="FileIO.h">
      <Filter>Source\Utils</Filter>
    </ClInclude>
    <ClInclude Include="tga_reader.h">
      <Filter>Source\Utils</Filter>
    </ClInclude>
    <ClInclude Include="Materials.h">
      <Filter>Source\3DScene</Filter>
    </ClInclude>
    <ClInclude Include="D3D12Defines.h">
      <Filter>Source\Utils</Filter>
    </ClInclude>
  </ItemGroup>
  <ItemGroup>
    <ClCompile Include="RayTracer.cpp">
      <Filter>Source</Filter>
    </ClCompile>
    <ClCompile Include="stdafx.cpp">
      <Filter>Source</Filter>
    </ClCompile>
    <ClCompile Include="D3D12Viewer.cpp">
      <Filter>Source\ImageViewer</Filter>
    </ClCompile>
    <ClCompile Include="InputListener.cpp">
      <Filter>Source\ImageViewer</Filter>
    </ClCompile>
    <ClCompile Include="HomemadeRayTracer.cpp">
      <Filter>Source\HMRayTracer</Filter>
    </ClCompile>
    <ClCompile Include="OutputImage.cpp">
      <Filter>Source\Image</Filter>
    </ClCompile>
    <ClCompile Include="PPMImageMaker.cpp">
      <Filter>Source\Image</Filter>
    </ClCompile>
    <ClCompile Include="Hitables.cpp">
      <Filter>Source\HMRayTracer</Filter>
    </ClCompile>
    <ClCompile Include="SimpleCamera.cpp">
      <Filter>Source\3DScene</Filter>
    </ClCompile>
    <ClCompile Include="World.cpp">
      <Filter>Source\3DScene</Filter>
    </ClCompile>
    <ClCompile Include="SimpeMeshBuilder.cpp">
      <Filter>Source\Utils</Filter>
    </ClCompile>
    <ClCompile Include="SimpleObject.cpp">
      <Filter>Source\3DScene</Filter>
    </ClCompile>
    <ClCompile Include="SimpleMesh.cpp">
      <Filter>Source\3DScene</Filter>
    </ClCompile>
    <ClCompile Include="SimpleMotion.cpp">
      <Filter>Source\3DScene</Filter>
    </ClCompile>
    <ClCompile Include="AABB.cpp">
      <Filter>Source\3DScene</Filter>
    </ClCompile>
    <ClCompile Include="SimpleTexture2D.cpp">
      <Filter>Source\3DScene</Filter>
    </ClCompile>
    <ClCompile Include="FileIO.cpp">
      <Filter>Source\Utils</Filter>
    </ClCompile>
    <ClCompile Include="tga_reader.cpp">
      <Filter>Source\Utils</Filter>
    </ClCompile>
    <ClCompile Include="Materials.cpp">
      <Filter>Source\3DScene</Filter>
    </ClCompile>
  </ItemGroup>
  <ItemGroup>
    <Image Include="RayTracer.ico">
      <Filter>Assets</Filter>
    </Image>
    <Image Include="small.ico">
      <Filter>Assets</Filter>
    </Image>
  </ItemGroup>
  <ItemGroup>
    <ResourceCompile Include="RayTracer.rc">
      <Filter>Assets</Filter>
    </ResourceCompile>
  </ItemGroup>
  <ItemGroup>
    <FxCompile Include="..\Assets\dielectric.hlsl">
      <Filter>Assets\Shaders</Filter>
    </FxCompile>
    <FxCompile Include="..\Assets\lambertian.hlsl">
      <Filter>Assets\Shaders</Filter>
    </FxCompile>
    <FxCompile Include="..\Assets\metal.hlsl">
      <Filter>Assets\Shaders</Filter>
    </FxCompile>
    <FxCompile Include="..\Assets\resloveImage.hlsl">
      <Filter>Assets\Shaders</Filter>
    </FxCompile>
    <FxCompile Include="..\Assets\sceneGeometry_vs.hlsl">
      <Filter>Assets\Shaders</Filter>
    </FxCompile>
    <FxCompile Include="..\Assets\diffuseLight.hlsl">
      <Filter>Assets\Shaders</Filter>
    </FxCompile>
  </ItemGroup>
  <ItemGroup>
    <None Include="..\Assets\illum.hs">
      <Filter>Assets\Shaders</Filter>
    </None>
  </ItemGroup>
</Project>